# This file is automatically @generated by Cargo.
# It is not intended for manual editing.
version = 4

[[package]]
name = "compat-root"
version = "0.1.0"
dependencies = [
 "uses-itoa-loose",
 "uses-itoa-pinned",
]

[[package]]
name = "itoa"
version = "1.0.17"
source = "registry+https://github.com/rust-lang/crates.io-index"
checksum = "92ecc6618181def0457392ccd0ee51198e065e016d1d527a7ac1b6dc7c1f09d2"

[[package]]
name = "uses-itoa-loose"
version = "0.1.0"
dependencies = [
 "itoa",
]

[[package]]
name = "uses-itoa-pinned"
version = "0.1.0"
dependencies = [
 "itoa",
]
