# This file is automatically @generated by Cargo.
# It is not intended for manual editing.
version = 4

[[package]]
name = "diamond-root"
version = "0.1.0"
dependencies = [
 "uses-itoa-new",
 "uses-itoa-old",
]

[[package]]
name = "itoa"
version = "0.4.8"
source = "registry+https://github.com/rust-lang/crates.io-index"
checksum = "b71991ff56294aa922b450139ee08b3bfc70982c6b2c7562771375cf73542dd4"

[[package]]
name = "itoa"
version = "1.0.17"
source = "registry+https://github.com/rust-lang/crates.io-index"
checksum = "92ecc6618181def0457392ccd0ee51198e065e016d1d527a7ac1b6dc7c1f09d2"

[[package]]
name = "uses-itoa-new"
version = "0.1.0"
dependencies = [
 "itoa 1.0.17",
]

[[package]]
name = "uses-itoa-old"
version = "0.1.0"
dependencies = [
 "itoa 0.4.8",
]
